
Microsoft Visual Studio Solution File, Format Version 12.00
# Visual Studio 15
VisualStudioVersion = 15.0.27130.2027
MinimumVisualStudioVersion = 10.0.40219.1
Project("{9A19103F-16F7-4668-BE54-9A1E7A4F7556}") = "Sieve", "Sieve\Sieve.csproj", "{B32B8B33-94B0-40E3-8FE5-D54602222717}"
EndProject
Project("{9A19103F-16F7-4668-BE54-9A1E7A4F7556}") = "SieveTests", "SieveTests\SieveTests.csproj", "{8043D264-42A0-4275-97A1-46400C02E37E}"
EndProject
Project("{9A19103F-16F7-4668-BE54-9A1E7A4F7556}") = "SieveUnitTests", "SieveUnitTests\SieveUnitTests.csproj", "{21C3082D-F40E-457F-BE2E-AA099E19E199}"
EndProject
Project("{2150E333-8FDC-42A3-9474-1A3956D46DE8}") = "Solution Items", "Solution Items", "{904F25A9-5CBD-42AE-8422-ADAB98F4B4B7}"
	ProjectSection(SolutionItems) = preProject
		.editorconfig = .editorconfig
	EndProjectSection
EndProject
Global
	GlobalSection(SolutionConfigurationPlatforms) = preSolution
		Debug|Any CPU = Debug|Any CPU
		Release|Any CPU = Release|Any CPU
	EndGlobalSection
	GlobalSection(ProjectConfigurationPlatforms) = postSolution
		{B32B8B33-94B0-40E3-8FE5-D54602222717}.Debug|Any CPU.ActiveCfg = Debug|Any CPU
		{B32B8B33-94B0-40E3-8FE5-D54602222717}.Debug|Any CPU.Build.0 = Debug|Any CPU
		{B32B8B33-94B0-40E3-8FE5-D54602222717}.Release|Any CPU.ActiveCfg = Release|Any CPU
		{B32B8B33-94B0-40E3-8FE5-D54602222717}.Release|Any CPU.Build.0 = Release|Any CPU
		{8043D264-42A0-4275-97A1-46400C02E37E}.Debug|Any CPU.ActiveCfg = Debug|Any CPU
		{8043D264-42A0-4275-97A1-46400C02E37E}.Debug|Any CPU.Build.0 = Debug|Any CPU
		{8043D264-42A0-4275-97A1-46400C02E37E}.Release|Any CPU.ActiveCfg = Release|Any CPU
		{8043D264-42A0-4275-97A1-46400C02E37E}.Release|Any CPU.Build.0 = Release|Any CPU
		{21C3082D-F40E-457F-BE2E-AA099E19E199}.Debug|Any CPU.ActiveCfg = Debug|Any CPU
		{21C3082D-F40E-457F-BE2E-AA099E19E199}.Debug|Any CPU.Build.0 = Debug|Any CPU
		{21C3082D-F40E-457F-BE2E-AA099E19E199}.Release|Any CPU.ActiveCfg = Release|Any CPU
		{21C3082D-F40E-457F-BE2E-AA099E19E199}.Release|Any CPU.Build.0 = Release|Any CPU
	EndGlobalSection
	GlobalSection(SolutionProperties) = preSolution
		HideSolutionNode = FALSE
	EndGlobalSection
	GlobalSection(ExtensibilityGlobals) = postSolution
		SolutionGuid = {6D7C2175-439A-434B-94C1-C819129D948E}
	EndGlobalSection
EndGlobal
